
Microsoft Visual Studio Solution File, Format Version 12.00
Project("{FAE04EC0-301F-11D3-BF4B-00C04F79EFBC}") = "ECommerce.Api", "ECommerce.Api\ECommerce.Api.csproj", "{8D4F559A-44F9-4FA7-93EA-CB0283A91B11}"
EndProject
Project("{2150E333-8FDC-42A3-9474-1A3956D46DE8}") = "Solution Items", "Solution Items", "{23FD8334-18E9-4AED-B239-533B1CFFD2AD}"
	ProjectSection(SolutionItems) = preProject
		docker-compose.yml = docker-compose.yml
	EndProjectSection
EndProject
Project("{FAE04EC0-301F-11D3-BF4B-00C04F79EFBC}") = "ECommerce.Infrastructure", "ECommerce.Infrastructure\ECommerce.Infrastructure.csproj", "{DF393EDD-7F2C-4E96-87B2-7775DAC637E6}"
EndProject
Project("{FAE04EC0-301F-11D3-BF4B-00C04F79EFBC}") = "ECommerce.Core", "ECommerce.Core\ECommerce.Core.csproj", "{2E221451-D075-49C3-A51E-F5F2A81D986A}"
EndProject
Global
	GlobalSection(SolutionConfigurationPlatforms) = preSolution
		Debug|Any CPU = Debug|Any CPU
		Release|Any CPU = Release|Any CPU
	EndGlobalSection
	GlobalSection(ProjectConfigurationPlatforms) = postSolution
		{8D4F559A-44F9-4FA7-93EA-CB0283A91B11}.Debug|Any CPU.ActiveCfg = Debug|Any CPU
		{8D4F559A-44F9-4FA7-93EA-CB0283A91B11}.Debug|Any CPU.Build.0 = Debug|Any CPU
		{8D4F559A-44F9-4FA7-93EA-CB0283A91B11}.Release|Any CPU.ActiveCfg = Release|Any CPU
		{8D4F559A-44F9-4FA7-93EA-CB0283A91B11}.Release|Any CPU.Build.0 = Release|Any CPU
		{DF393EDD-7F2C-4E96-87B2-7775DAC637E6}.Debug|Any CPU.ActiveCfg = Debug|Any CPU
		{DF393EDD-7F2C-4E96-87B2-7775DAC637E6}.Debug|Any CPU.Build.0 = Debug|Any CPU
		{DF393EDD-7F2C-4E96-87B2-7775DAC637E6}.Release|Any CPU.ActiveCfg = Release|Any CPU
		{DF393EDD-7F2C-4E96-87B2-7775DAC637E6}.Release|Any CPU.Build.0 = Release|Any CPU
		{2E221451-D075-49C3-A51E-F5F2A81D986A}.Debug|Any CPU.ActiveCfg = Debug|Any CPU
		{2E221451-D075-49C3-A51E-F5F2A81D986A}.Debug|Any CPU.Build.0 = Debug|Any CPU
		{2E221451-D075-49C3-A51E-F5F2A81D986A}.Release|Any CPU.ActiveCfg = Release|Any CPU
		{2E221451-D075-49C3-A51E-F5F2A81D986A}.Release|Any CPU.Build.0 = Release|Any CPU
	EndGlobalSection
EndGlobal
