
Microsoft Visual Studio Solution File, Format Version 12.00
Project("{FAE04EC0-301F-11D3-BF4B-00C04F79EFBC}") = "ECommerce.Api", "ECommerce.Api\ECommerce.Api.csproj", "{C6533CF5-89EA-49AB-B6D9-200632D62761}"
EndProject
Project("{FAE04EC0-301F-11D3-BF4B-00C04F79EFBC}") = "BusinessLogicLayer", "BusinessLogicLayer\BusinessLogicLayer.csproj", "{58C5B526-757C-478D-A21C-D6FA95E631B4}"
EndProject
Project("{FAE04EC0-301F-11D3-BF4B-00C04F79EFBC}") = "DataAccessLayer", "DataAccessLayer\DataAccessLayer.csproj", "{D16AB4E5-7DAA-4415-AD4E-3CBE63E41E6D}"
EndProject
Project("{FAE04EC0-301F-11D3-BF4B-00C04F79EFBC}") = "ApiGateway", "ApiGateway\ApiGateway.csproj", "{BCDFEC8B-D407-4B19-A9B8-6EB7F9E2EBCF}"
EndProject
Global
	GlobalSection(SolutionConfigurationPlatforms) = preSolution
		Debug|Any CPU = Debug|Any CPU
		Release|Any CPU = Release|Any CPU
	EndGlobalSection
	GlobalSection(ProjectConfigurationPlatforms) = postSolution
		{C6533CF5-89EA-49AB-B6D9-200632D62761}.Debug|Any CPU.ActiveCfg = Debug|Any CPU
		{C6533CF5-89EA-49AB-B6D9-200632D62761}.Debug|Any CPU.Build.0 = Debug|Any CPU
		{C6533CF5-89EA-49AB-B6D9-200632D62761}.Release|Any CPU.ActiveCfg = Release|Any CPU
		{C6533CF5-89EA-49AB-B6D9-200632D62761}.Release|Any CPU.Build.0 = Release|Any CPU
		{58C5B526-757C-478D-A21C-D6FA95E631B4}.Debug|Any CPU.ActiveCfg = Debug|Any CPU
		{58C5B526-757C-478D-A21C-D6FA95E631B4}.Debug|Any CPU.Build.0 = Debug|Any CPU
		{58C5B526-757C-478D-A21C-D6FA95E631B4}.Release|Any CPU.ActiveCfg = Release|Any CPU
		{58C5B526-757C-478D-A21C-D6FA95E631B4}.Release|Any CPU.Build.0 = Release|Any CPU
		{D16AB4E5-7DAA-4415-AD4E-3CBE63E41E6D}.Debug|Any CPU.ActiveCfg = Debug|Any CPU
		{D16AB4E5-7DAA-4415-AD4E-3CBE63E41E6D}.Debug|Any CPU.Build.0 = Debug|Any CPU
		{D16AB4E5-7DAA-4415-AD4E-3CBE63E41E6D}.Release|Any CPU.ActiveCfg = Release|Any CPU
		{D16AB4E5-7DAA-4415-AD4E-3CBE63E41E6D}.Release|Any CPU.Build.0 = Release|Any CPU
		{BCDFEC8B-D407-4B19-A9B8-6EB7F9E2EBCF}.Debug|Any CPU.ActiveCfg = Debug|Any CPU
		{BCDFEC8B-D407-4B19-A9B8-6EB7F9E2EBCF}.Debug|Any CPU.Build.0 = Debug|Any CPU
		{BCDFEC8B-D407-4B19-A9B8-6EB7F9E2EBCF}.Release|Any CPU.ActiveCfg = Release|Any CPU
		{BCDFEC8B-D407-4B19-A9B8-6EB7F9E2EBCF}.Release|Any CPU.Build.0 = Release|Any CPU
	EndGlobalSection
EndGlobal
